
Microsoft Visual Studio Solution File, Format Version 12.00
# Visual Studio 2012
Project("{930C7802-8A8C-48F9-8165-68863BCCD9DD}") = "PowerBroadcastProviderSetup", "PowerBroadcastProviderSetup\PowerBroadcastProviderSetup.wixproj", "{F05D957C-A61A-45E6-9357-ABE87380910D}"
EndProject
Project("{930C7802-8A8C-48F9-8165-68863BCCD9DD}") = "PowerSetupProviderBootstrapper", "PowerSetupProviderBootstrapper\PowerSetupProviderBootstrapper.wixproj", "{6066CC06-857A-4342-B0A5-03A79F5F520C}"
EndProject
Project("{FAE04EC0-301F-11D3-BF4B-00C04F79EFBC}") = "PowerEventProviderService", "PowerEventProviderService\PowerEventProviderService.csproj", "{601B27D3-13D1-4541-9DE5-521FD5F5B254}"
EndProject
Project("{FAE04EC0-301F-11D3-BF4B-00C04F79EFBC}") = "StagWare.Windows.Monitoring", "StagWare.Windows.Monitoring\StagWare.Windows.Monitoring.csproj", "{AB79B8CB-1175-48B3-B2F8-339AE65EB330}"
EndProject
Global
	GlobalSection(SolutionConfigurationPlatforms) = preSolution
		Debug|Any CPU = Debug|Any CPU
		Release|Any CPU = Release|Any CPU
	EndGlobalSection
	GlobalSection(ProjectConfigurationPlatforms) = postSolution
		{F05D957C-A61A-45E6-9357-ABE87380910D}.Debug|Any CPU.ActiveCfg = Debug|x86
		{F05D957C-A61A-45E6-9357-ABE87380910D}.Debug|Any CPU.Build.0 = Debug|x86
		{F05D957C-A61A-45E6-9357-ABE87380910D}.Release|Any CPU.ActiveCfg = Release|x86
		{F05D957C-A61A-45E6-9357-ABE87380910D}.Release|Any CPU.Build.0 = Release|x86
		{6066CC06-857A-4342-B0A5-03A79F5F520C}.Debug|Any CPU.ActiveCfg = Debug|x86
		{6066CC06-857A-4342-B0A5-03A79F5F520C}.Debug|Any CPU.Build.0 = Debug|x86
		{6066CC06-857A-4342-B0A5-03A79F5F520C}.Release|Any CPU.ActiveCfg = Release|x86
		{6066CC06-857A-4342-B0A5-03A79F5F520C}.Release|Any CPU.Build.0 = Release|x86
		{601B27D3-13D1-4541-9DE5-521FD5F5B254}.Debug|Any CPU.ActiveCfg = Debug|Any CPU
		{601B27D3-13D1-4541-9DE5-521FD5F5B254}.Debug|Any CPU.Build.0 = Debug|Any CPU
		{601B27D3-13D1-4541-9DE5-521FD5F5B254}.Release|Any CPU.ActiveCfg = Release|Any CPU
		{601B27D3-13D1-4541-9DE5-521FD5F5B254}.Release|Any CPU.Build.0 = Release|Any CPU
		{AB79B8CB-1175-48B3-B2F8-339AE65EB330}.Debug|Any CPU.ActiveCfg = Debug|Any CPU
		{AB79B8CB-1175-48B3-B2F8-339AE65EB330}.Debug|Any CPU.Build.0 = Debug|Any CPU
		{AB79B8CB-1175-48B3-B2F8-339AE65EB330}.Release|Any CPU.ActiveCfg = Release|Any CPU
		{AB79B8CB-1175-48B3-B2F8-339AE65EB330}.Release|Any CPU.Build.0 = Release|Any CPU
	EndGlobalSection
	GlobalSection(SolutionProperties) = preSolution
		HideSolutionNode = FALSE
	EndGlobalSection
EndGlobal
